
Microsoft Visual Studio Solution File, Format Version 12.00
# Visual Studio Version 17
VisualStudioVersion = 17.5.002.0
MinimumVisualStudioVersion = 10.0.40219.1
Project("{9A19103F-16F7-4668-BE54-9A1E7A4F7556}") = "UCM.Tests", "UCM.Tests.csproj", "{09F964BE-4DEF-486E-98FC-18BC60A9104E}"
EndProject
Global
	GlobalSection(SolutionConfigurationPlatforms) = preSolution
		Debug|Any CPU = Debug|Any CPU
		Release|Any CPU = Release|Any CPU
	EndGlobalSection
	GlobalSection(ProjectConfigurationPlatforms) = postSolution
		{09F964BE-4DEF-486E-98FC-18BC60A9104E}.Debug|Any CPU.ActiveCfg = Debug|Any CPU
		{09F964BE-4DEF-486E-98FC-18BC60A9104E}.Debug|Any CPU.Build.0 = Debug|Any CPU
		{09F964BE-4DEF-486E-98FC-18BC60A9104E}.Release|Any CPU.ActiveCfg = Release|Any CPU
		{09F964BE-4DEF-486E-98FC-18BC60A9104E}.Release|Any CPU.Build.0 = Release|Any CPU
	EndGlobalSection
	GlobalSection(SolutionProperties) = preSolution
		HideSolutionNode = FALSE
	EndGlobalSection
	GlobalSection(ExtensibilityGlobals) = postSolution
		SolutionGuid = {B69CB001-3BBF-41D0-948C-4EBA729203B5}
	EndGlobalSection
EndGlobal
